{
    "name": "oryx-root",
    "version": "0.1.0",
    "lockfileVersion": 3,
    "requires": true,
    "packages": {
        "": {
            "name": "oryx-root",
            "workspaces": [
                "packages/*"
            ],
            "devDependencies": {
                "typescript": "^5.0.0"
            }
        },
        "node_modules/@oryx-format/cli": {
            "resolved": "packages/oryx-cli",
            "link": true
        },
        "node_modules/@oryx-format/core": {
            "resolved": "packages/oryx-core",
            "link": true
        },
        "node_modules/@oryx-format/parser": {
            "resolved": "packages/oryx-parser",
            "link": true
        },
        "node_modules/commander": {
            "version": "11.1.0",
            "resolved": "https://registry.npmjs.org/commander/-/commander-11.1.0.tgz",
            "integrity": "sha512-yPVavfyCcRhmorC7rWlkHn15b4wDVgVmBA7kV4QVBsF7kv/9TKJAbAXVTxvTnwP8HHKjRCJDClKbciiYS7p0DQ==",
            "engines": {
                "node": ">=16"
            }
        },
        "node_modules/typescript": {
            "version": "5.9.3",
            "resolved": "https://registry.npmjs.org/typescript/-/typescript-5.9.3.tgz",
            "integrity": "sha512-jl1vZzPDinLr9eUt3J/t7V6FgNEw9QjvBPdysz9KfQDD41fQrC2Y4vKQdiaUpFT4bXlb1RHhLpp8wtm6M5TgSw==",
            "dev": true,
            "bin": {
                "tsc": "bin/tsc",
                "tsserver": "bin/tsserver"
            },
            "engines": {
                "node": ">=14.17"
            }
        },
        "packages/oryx-cli": {
            "version": "0.1.0",
            "dependencies": {
                "@oryx-format/parser": "^0.1.0",
                "commander": "^11.0.0"
            },
            "bin": {
                "oryx": "bin/oryx"
            }
        },
        "packages/oryx-core": {
            "version": "0.1.0"
        },
        "packages/oryx-parser": {
            "version": "0.1.1",
            "license": "MIT"
        }
    }
}
